{
  "name": "hobospider132.me",
  "lockfileVersion": 3,
  "requires": true,
  "packages": {
    "": {
      "dependencies": {
        "osu-api-v1-js": "^3.0.3"
      }
    },
    "node_modules/osu-api-v1-js": {
      "version": "3.0.3",
      "resolved": "https://registry.npmjs.org/osu-api-v1-js/-/osu-api-v1-js-3.0.3.tgz",
      "integrity": "sha512-e9liOZzdtk/LrMcol1ZWGM+NhqbsUPGk0biE9RhqQDCeVeeD5k2az/XeEtkmuLhlkCvaTKJuWgAbvvWYUvILAw==",
      "license": "Unlicense",
      "engines": {
        "node": ">=18.0.0"
      }
    }
  }
}
